
Microsoft Visual Studio Solution File, Format Version 12.00
# Visual Studio Version 16
VisualStudioVersion = 16.0.29102.190
MinimumVisualStudioVersion = 10.0.40219.1
Project("{FAE04EC0-301F-11D3-BF4B-00C04F79EFBC}") = "Jlw.Standard.Utilities.Data", "Jlw.Standard.Utilities.Data\Jlw.Standard.Utilities.Data.csproj", "{A1354146-0FAA-4367-9BF9-06A689D6F791}"
EndProject
Project("{FAE04EC0-301F-11D3-BF4B-00C04F79EFBC}") = "Jlw.Standard.Utilities.Data.Tests", "Jlw.Standard.Utilities.Data.Tests\Jlw.Standard.Utilities.Data.Tests.csproj", "{55CDB273-6611-43FE-BB40-29B3D6C19CA1}"
EndProject
Global
	GlobalSection(SolutionConfigurationPlatforms) = preSolution
		Debug|Any CPU = Debug|Any CPU
		Release|Any CPU = Release|Any CPU
	EndGlobalSection
	GlobalSection(ProjectConfigurationPlatforms) = postSolution
		{A1354146-0FAA-4367-9BF9-06A689D6F791}.Debug|Any CPU.ActiveCfg = Debug|Any CPU
		{A1354146-0FAA-4367-9BF9-06A689D6F791}.Debug|Any CPU.Build.0 = Debug|Any CPU
		{A1354146-0FAA-4367-9BF9-06A689D6F791}.Release|Any CPU.ActiveCfg = Release|Any CPU
		{A1354146-0FAA-4367-9BF9-06A689D6F791}.Release|Any CPU.Build.0 = Release|Any CPU
		{55CDB273-6611-43FE-BB40-29B3D6C19CA1}.Debug|Any CPU.ActiveCfg = Debug|Any CPU
		{55CDB273-6611-43FE-BB40-29B3D6C19CA1}.Debug|Any CPU.Build.0 = Debug|Any CPU
		{55CDB273-6611-43FE-BB40-29B3D6C19CA1}.Release|Any CPU.ActiveCfg = Release|Any CPU
		{55CDB273-6611-43FE-BB40-29B3D6C19CA1}.Release|Any CPU.Build.0 = Release|Any CPU
	EndGlobalSection
	GlobalSection(SolutionProperties) = preSolution
		HideSolutionNode = FALSE
	EndGlobalSection
	GlobalSection(ExtensibilityGlobals) = postSolution
		SolutionGuid = {A36F062F-2EB0-4C03-8930-51C6AB9F455C}
	EndGlobalSection
EndGlobal
